
Microsoft Visual Studio Solution File, Format Version 12.00
# Visual Studio Version 17
VisualStudioVersion = 17.6.33829.357
MinimumVisualStudioVersion = 10.0.40219.1
Project("{FAE04EC0-301F-11D3-BF4B-00C04F79EFBC}") = "CircleProgram", "CircleProgram\CircleProgram.csproj", "{CDF25E78-C92C-48D0-82B1-9A854F3FB9F1}"
EndProject
Global
	GlobalSection(SolutionConfigurationPlatforms) = preSolution
		Debug|Any CPU = Debug|Any CPU
		Release|Any CPU = Release|Any CPU
	EndGlobalSection
	GlobalSection(ProjectConfigurationPlatforms) = postSolution
		{CDF25E78-C92C-48D0-82B1-9A854F3FB9F1}.Debug|Any CPU.ActiveCfg = Debug|Any CPU
		{CDF25E78-C92C-48D0-82B1-9A854F3FB9F1}.Debug|Any CPU.Build.0 = Debug|Any CPU
		{CDF25E78-C92C-48D0-82B1-9A854F3FB9F1}.Release|Any CPU.ActiveCfg = Release|Any CPU
		{CDF25E78-C92C-48D0-82B1-9A854F3FB9F1}.Release|Any CPU.Build.0 = Release|Any CPU
	EndGlobalSection
	GlobalSection(SolutionProperties) = preSolution
		HideSolutionNode = FALSE
	EndGlobalSection
	GlobalSection(ExtensibilityGlobals) = postSolution
		SolutionGuid = {D55A0D37-78B6-43F8-B383-753B31CCE2A3}
	EndGlobalSection
EndGlobal
