
Microsoft Visual Studio Solution File, Format Version 12.00
# Visual Studio Version 17
VisualStudioVersion = 17.6.33829.357
MinimumVisualStudioVersion = 10.0.40219.1
Project("{FAE04EC0-301F-11D3-BF4B-00C04F79EFBC}") = "bankaccount", "bankaccount\bankaccount.csproj", "{614BDA99-B07C-438E-BCCF-042E4B7638BA}"
EndProject
Global
	GlobalSection(SolutionConfigurationPlatforms) = preSolution
		Debug|Any CPU = Debug|Any CPU
		Release|Any CPU = Release|Any CPU
	EndGlobalSection
	GlobalSection(ProjectConfigurationPlatforms) = postSolution
		{614BDA99-B07C-438E-BCCF-042E4B7638BA}.Debug|Any CPU.ActiveCfg = Debug|Any CPU
		{614BDA99-B07C-438E-BCCF-042E4B7638BA}.Debug|Any CPU.Build.0 = Debug|Any CPU
		{614BDA99-B07C-438E-BCCF-042E4B7638BA}.Release|Any CPU.ActiveCfg = Release|Any CPU
		{614BDA99-B07C-438E-BCCF-042E4B7638BA}.Release|Any CPU.Build.0 = Release|Any CPU
	EndGlobalSection
	GlobalSection(SolutionProperties) = preSolution
		HideSolutionNode = FALSE
	EndGlobalSection
	GlobalSection(ExtensibilityGlobals) = postSolution
		SolutionGuid = {5A12EE90-3A7D-4C4C-9BF7-288E04D2958B}
	EndGlobalSection
EndGlobal
